<?xml version="1.0" encoding="utf-8"?>
<Project ToolsVersion="4.0" xmlns="http://schemas.microsoft.com/developer/msbuild/2003">
  <ItemGroup>
    <ClInclude Include="utils\utils.h" />
    <ClInclude Include="threading\threading.h" />
    <ClInclude Include="threading\src\linux\thread.h" />
    <ClInclude Include="threading\src\windows\thread.h" />
    <ClInclude Include="base.h" />
    <ClInclude Include="io\io.h" />
    <ClInclude Include="compression\compression.h" />
    <ClInclude Include="compression\src\inflate.h" />
    <ClInclude Include="sockets\sockets.h" />
    <ClInclude Include="sockets\src\tcpClient.h" />
    <ClInclude Include="sockets\src\tcpListener.h" />
    <ClInclude Include="sockets\src\udpClient.h" />
    <ClInclude Include="sockets\src\linux\socket.h" />
    <ClInclude Include="sockets\src\windows\socket.h" />
    <ClInclude Include="sockets\src\windows\bind.h" />
    <ClInclude Include="config\config.h" />
    <ClInclude Include="config\src\configReader.h" />
    <ClInclude Include="io\src\binary\binaryReader.h" />
    <ClInclude Include="io\src\binary\binaryReaderBase.h" />
    <ClInclude Include="io\src\binary\expandoBinaryReader.h" />
    <ClInclude Include="io\src\text\textReader.h" />
    <ClInclude Include="io\src\json\jsonSerializer.h" />
    <ClInclude Include="utils\src\common\ArrayUtils.h" />
    <ClInclude Include="utils\src\common\sleep.h" />
    <ClInclude Include="utils\src\common\stringHelper.h" />
    <ClInclude Include="utils\src\structureDefinitions\structureDefinitionStorage.h" />
    <ClInclude Include="utils\src\structureDefinitions\structureDefinition.h" />
    <ClInclude Include="utils\src\structureDefinitions\structureProperty.h" />
    <ClInclude Include="utils\src\common\constants.h" />
    <ClInclude Include="utils\src\common\stringBuilder.h" />
    <ClInclude Include="utils\src\structureDefinitions\structureDefinitionHelper.h" />
    <ClInclude Include="utils\src\common\types.h" />
    <ClInclude Include="collections\collections.h" />
    <ClInclude Include="collections\src\arrayList.h" />
    <ClInclude Include="collections\src\linkedList.h" />
    <ClInclude Include="collections\src\list.h" />
    <ClInclude Include="collections\src\map.h" />
    <ClInclude Include="collections\src\standardMap.h" />
    <ClInclude Include="collections\src\hashMap.h" />
    <ClInclude Include="collections\src\iterable.h" />
    <ClInclude Include="collections\src\array.h" />
    <ClInclude Include="collections\src\iterators\iterator.h" />
    <ClInclude Include="collections\src\iterators\arrayIterator.h" />
    <ClInclude Include="collections\src\iterators\linkedListIterator.h" />
    <ClInclude Include="collections\src\linkedListItem.h" />
    <ClInclude Include="collections\src\invalidIndexException.h" />
    <ClInclude Include="collections\src\iterators\standardMapIterator.h" />
    <ClInclude Include="collections\src\iterators\hashMapIterator.h" />
  </ItemGroup>
  <ItemGroup>
    <ClCompile Include="threading\src\windows\thread.cpp" />
    <ClCompile Include="threading\src\linux\thread.cpp" />
    <ClCompile Include="compression\src\miniz.c" />
    <ClCompile Include="compression\src\inflate.cpp" />
    <ClCompile Include="sockets\src\linux\socket.cpp" />
    <ClCompile Include="sockets\src\windows\socket.cpp" />
    <ClCompile Include="sockets\src\windows\bind.cpp" />
    <ClCompile Include="sockets\src\tcpClient.cpp" />
    <ClCompile Include="sockets\src\tcpListener.cpp" />
    <ClCompile Include="sockets\src\udpClient.cpp" />
    <ClCompile Include="sockets\sockets.cpp" />
    <ClCompile Include="config\src\configReader.cpp" />
    <ClCompile Include="io\src\binary\binaryReader.cpp" />
    <ClCompile Include="io\src\binary\expandoBinaryReader.cpp" />
    <ClCompile Include="io\src\text\textReader.cpp" />
    <ClCompile Include="io\src\json\jsonSerializer.cpp" />
    <ClCompile Include="utils\src\common\windows\sleep.cpp" />
    <ClCompile Include="utils\src\common\linux\sleep.cpp" />
    <ClCompile Include="utils\src\common\arrayUtils.cpp" />
    <ClCompile Include="utils\src\common\stringHelper.cpp" />
    <ClCompile Include="utils\src\structureDefinitions\structureDefinitionStorage.cpp" />
    <ClCompile Include="utils\src\structureDefinitions\structureDefinition.cpp" />
    <ClCompile Include="utils\src\structureDefinitions\structureProperty.cpp" />
    <ClCompile Include="utils\src\common\constants.cpp" />
    <ClCompile Include="utils\src\common\stringBuilder.cpp" />
    <ClCompile Include="utils\src\structureDefinitions\structureDefinitionHelper.cpp" />
    <ClCompile Include="collections\src\invalidIndexException.cpp" />
  </ItemGroup>
</Project>