<?xml version="1.0" encoding="utf-8"?>
<Project ToolsVersion="4.0" xmlns="http://schemas.microsoft.com/developer/msbuild/2003">
  <ItemGroup>
    <ClInclude Include="io\io.h" />
    <ClInclude Include="threading\threading.h" />
    <ClInclude Include="utils\utils.h" />
    <ClInclude Include="sockets\src\linux\socket.h" />
    <ClInclude Include="sockets\src\windows\bind.h" />
    <ClInclude Include="sockets\src\windows\socket.h" />
    <ClInclude Include="sockets\src\TcpClient.h" />
    <ClInclude Include="sockets\src\TcpListener.h" />
    <ClInclude Include="sockets\src\UdpClient.h" />
    <ClInclude Include="sockets\sockets.h" />
    <ClInclude Include="threading\src\linux\thread.h" />
    <ClInclude Include="threading\src\windows\thread.h" />
    <ClInclude Include="utils\src\linux\sleep.h" />
    <ClInclude Include="utils\src\windows\sleep.h" />
    <ClInclude Include="io\src\BinaryReader.h" />
    <ClInclude Include="compression\src\Inflate.h" />
    <ClInclude Include="compression\compression.h" />
    <ClInclude Include="io\src\ExpandoBinaryReader.h" />
  </ItemGroup>
  <ItemGroup>
    <ClCompile Include="compression\src\miniz.c" />
  </ItemGroup>
</Project>